// !$*UTF8*$!
{
	archiveVersion = 1;
	classes = {
	};
	objectVersion = 50;
	objects = {

/* Begin PBXBuildFile section */
		5B095D302717EAA20076564B /* Assets.xcassets in Resources */ = {isa = PBXBuildFile; fileRef = 5B095D2F2717EAA10076564B /* Assets.xcassets */; };
		5BF6049D2716E6D000D3194C /* AppDelegate.swift in Sources */ = {isa = PBXBuildFile; fileRef = 5BF6049C2716E6D000D3194C /* AppDelegate.swift */; };
		5BF6049F2716E6D000D3194C /* SceneDelegate.swift in Sources */ = {isa = PBXBuildFile; fileRef = 5BF6049E2716E6D000D3194C /* SceneDelegate.swift */; };
		5BF604A12716E6D000D3194C /* ViewController.swift in Sources */ = {isa = PBXBuildFile; fileRef = 5BF604A02716E6D000D3194C /* ViewController.swift */; };
		5BF604A42716E6D000D3194C /* Main.storyboard in Resources */ = {isa = PBXBuildFile; fileRef = 5BF604A22716E6D000D3194C /* Main.storyboard */; };
		5BF604A92716E6D100D3194C /* LaunchScreen.storyboard in Resources */ = {isa = PBXBuildFile; fileRef = 5BF604A72716E6D100D3194C /* LaunchScreen.storyboard */; };
		5BF604B42716E6D100D3194C /* AutoLayout2Tests.swift in Sources */ = {isa = PBXBuildFile; fileRef = 5BF604B32716E6D100D3194C /* AutoLayout2Tests.swift */; };
		5BF604BF2716E6D100D3194C /* AutoLayout2UITests.swift in Sources */ = {isa = PBXBuildFile; fileRef = 5BF604BE2716E6D100D3194C /* AutoLayout2UITests.swift */; };
		5BF604D827170B7800D3194C /* ques3.swift in Sources */ = {isa = PBXBuildFile; fileRef = 5BF604D727170B7800D3194C /* ques3.swift */; };
		5BF604DD2717602100D3194C /* StackVC.swift in Sources */ = {isa = PBXBuildFile; fileRef = 5BF604DC2717602100D3194C /* StackVC.swift */; };
/* End PBXBuildFile section */

/* Begin PBXContainerItemProxy section */
		5BF604B02716E6D100D3194C /* PBXContainerItemProxy */ = {
			isa = PBXContainerItemProxy;
			containerPortal = 5BF604912716E6D000D3194C /* Project object */;
			proxyType = 1;
			remoteGlobalIDString = 5BF604982716E6D000D3194C;
			remoteInfo = AutoLayout2;
		};
		5BF604BB2716E6D100D3194C /* PBXContainerItemProxy */ = {
			isa = PBXContainerItemProxy;
			containerPortal = 5BF604912716E6D000D3194C /* Project object */;
			proxyType = 1;
			remoteGlobalIDString = 5BF604982716E6D000D3194C;
			remoteInfo = AutoLayout2;
		};
/* End PBXContainerItemProxy section */

/* Begin PBXFileReference section */
		5B095D2F2717EAA10076564B /* Assets.xcassets */ = {isa = PBXFileReference; lastKnownFileType = folder.assetcatalog; path = Assets.xcassets; sourceTree = "<group>"; };
		5BF604992716E6D000D3194C /* AutoLayout2.app */ = {isa = PBXFileReference; explicitFileType = wrapper.application; includeInIndex = 0; path = AutoLayout2.app; sourceTree = BUILT_PRODUCTS_DIR; };
		5BF6049C2716E6D000D3194C /* AppDelegate.swift */ = {isa = PBXFileReference; lastKnownFileType = sourcecode.swift; path = AppDelegate.swift; sourceTree = "<group>"; };
		5BF6049E2716E6D000D3194C /* SceneDelegate.swift */ = {isa = PBXFileReference; lastKnownFileType = sourcecode.swift; path = SceneDelegate.swift; sourceTree = "<group>"; };
		5BF604A02716E6D000D3194C /* ViewController.swift */ = {isa = PBXFileReference; lastKnownFileType = sourcecode.swift; path = ViewController.swift; sourceTree = "<group>"; };
		5BF604A32716E6D000D3194C /* Base */ = {isa = PBXFileReference; lastKnownFileType = file.storyboard; name = Base; path = Base.lproj/Main.storyboard; sourceTree = "<group>"; };
		5BF604A82716E6D100D3194C /* Base */ = {isa = PBXFileReference; lastKnownFileType = file.storyboard; name = Base; path = Base.lproj/LaunchScreen.storyboard; sourceTree = "<group>"; };
		5BF604AA2716E6D100D3194C /* Info.plist */ = {isa = PBXFileReference; lastKnownFileType = text.plist.xml; path = Info.plist; sourceTree = "<group>"; };
		5BF604AF2716E6D100D3194C /* AutoLayout2Tests.xctest */ = {isa = PBXFileReference; explicitFileType = wrapper.cfbundle; includeInIndex = 0; path = AutoLayout2Tests.xctest; sourceTree = BUILT_PRODUCTS_DIR; };
		5BF604B32716E6D100D3194C /* AutoLayout2Tests.swift */ = {isa = PBXFileReference; lastKnownFileType = sourcecode.swift; path = AutoLayout2Tests.swift; sourceTree = "<group>"; };
		5BF604B52716E6D100D3194C /* Info.plist */ = {isa = PBXFileReference; lastKnownFileType = text.plist.xml; path = Info.plist; sourceTree = "<group>"; };
		5BF604BA2716E6D100D3194C /* AutoLayout2UITests.xctest */ = {isa = PBXFileReference; explicitFileType = wrapper.cfbundle; includeInIndex = 0; path = AutoLayout2UITests.xctest; sourceTree = BUILT_PRODUCTS_DIR; };
		5BF604BE2716E6D100D3194C /* AutoLayout2UITests.swift */ = {isa = PBXFileReference; lastKnownFileType = sourcecode.swift; path = AutoLayout2UITests.swift; sourceTree = "<group>"; };
		5BF604C02716E6D100D3194C /* Info.plist */ = {isa = PBXFileReference; lastKnownFileType = text.plist.xml; path = Info.plist; sourceTree = "<group>"; };
		5BF604D727170B7800D3194C /* ques3.swift */ = {isa = PBXFileReference; lastKnownFileType = sourcecode.swift; path = ques3.swift; sourceTree = "<group>"; };
		5BF604DC2717602100D3194C /* StackVC.swift */ = {isa = PBXFileReference; lastKnownFileType = sourcecode.swift; path = StackVC.swift; sourceTree = "<group>"; };
/* End PBXFileReference section */

/* Begin PBXFrameworksBuildPhase section */
		5BF604962716E6D000D3194C /* Frameworks */ = {
			isa = PBXFrameworksBuildPhase;
			buildActionMask = 2147483647;
			files = (
			);
			runOnlyForDeploymentPostprocessing = 0;
		};
		5BF604AC2716E6D100D3194C /* Frameworks */ = {
			isa = PBXFrameworksBuildPhase;
			buildActionMask = 2147483647;
			files = (
			);
			runOnlyForDeploymentPostprocessing = 0;
		};
		5BF604B72716E6D100D3194C /* Frameworks */ = {
			isa = PBXFrameworksBuildPhase;
			buildActionMask = 2147483647;
			files = (
			);
			runOnlyForDeploymentPostprocessing = 0;
		};
/* End PBXFrameworksBuildPhase section */

/* Begin PBXGroup section */
		5BF604902716E6D000D3194C = {
			isa = PBXGroup;
			children = (
				5BF6049B2716E6D000D3194C /* AutoLayout2 */,
				5BF604B22716E6D100D3194C /* AutoLayout2Tests */,
				5BF604BD2716E6D100D3194C /* AutoLayout2UITests */,
				5BF6049A2716E6D000D3194C /* Products */,
			);
			sourceTree = "<group>";
		};
		5BF6049A2716E6D000D3194C /* Products */ = {
			isa = PBXGroup;
			children = (
				5BF604992716E6D000D3194C /* AutoLayout2.app */,
				5BF604AF2716E6D100D3194C /* AutoLayout2Tests.xctest */,
				5BF604BA2716E6D100D3194C /* AutoLayout2UITests.xctest */,
			);
			name = Products;
			sourceTree = "<group>";
		};
		5BF6049B2716E6D000D3194C /* AutoLayout2 */ = {
			isa = PBXGroup;
			children = (
				5BF6049C2716E6D000D3194C /* AppDelegate.swift */,
				5BF6049E2716E6D000D3194C /* SceneDelegate.swift */,
				5BF604A02716E6D000D3194C /* ViewController.swift */,
				5BF604A22716E6D000D3194C /* Main.storyboard */,
				5BF604DC2717602100D3194C /* StackVC.swift */,
				5BF604D727170B7800D3194C /* ques3.swift */,
				5BF604A72716E6D100D3194C /* LaunchScreen.storyboard */,
				5BF604AA2716E6D100D3194C /* Info.plist */,
				5B095D2F2717EAA10076564B /* Assets.xcassets */,
			);
			path = AutoLayout2;
			sourceTree = "<group>";
		};
		5BF604B22716E6D100D3194C /* AutoLayout2Tests */ = {
			isa = PBXGroup;
			children = (
				5BF604B32716E6D100D3194C /* AutoLayout2Tests.swift */,
				5BF604B52716E6D100D3194C /* Info.plist */,
			);
			path = AutoLayout2Tests;
			sourceTree = "<group>";
		};
		5BF604BD2716E6D100D3194C /* AutoLayout2UITests */ = {
			isa = PBXGroup;
			children = (
				5BF604BE2716E6D100D3194C /* AutoLayout2UITests.swift */,
				5BF604C02716E6D100D3194C /* Info.plist */,
			);
			path = AutoLayout2UITests;
			sourceTree = "<group>";
		};
/* End PBXGroup section */

/* Begin PBXNativeTarget section */
		5BF604982716E6D000D3194C /* AutoLayout2 */ = {
			isa = PBXNativeTarget;
			buildConfigurationList = 5BF604C32716E6D100D3194C /* Build configuration list for PBXNativeTarget "AutoLayout2" */;
			buildPhases = (
				5BF604952716E6D000D3194C /* Sources */,
				5BF604962716E6D000D3194C /* Frameworks */,
				5BF604972716E6D000D3194C /* Resources */,
			);
			buildRules = (
			);
			dependencies = (
			);
			name = AutoLayout2;
			productName = AutoLayout2;
			productReference = 5BF604992716E6D000D3194C /* AutoLayout2.app */;
			productType = "com.apple.product-type.application";
		};
		5BF604AE2716E6D100D3194C /* AutoLayout2Tests */ = {
			isa = PBXNativeTarget;
			buildConfigurationList = 5BF604C62716E6D100D3194C /* Build configuration list for PBXNativeTarget "AutoLayout2Tests" */;
			buildPhases = (
				5BF604AB2716E6D100D3194C /* Sources */,
				5BF604AC2716E6D100D3194C /* Frameworks */,
				5BF604AD2716E6D100D3194C /* Resources */,
			);
			buildRules = (
			);
			dependencies = (
				5BF604B12716E6D100D3194C /* PBXTargetDependency */,
			);
			name = AutoLayout2Tests;
			productName = AutoLayout2Tests;
			productReference = 5BF604AF2716E6D100D3194C /* AutoLayout2Tests.xctest */;
			productType = "com.apple.product-type.bundle.unit-test";
		};
		5BF604B92716E6D100D3194C /* AutoLayout2UITests */ = {
			isa = PBXNativeTarget;
			buildConfigurationList = 5BF604C92716E6D100D3194C /* Build configuration list for PBXNativeTarget "AutoLayout2UITests" */;
			buildPhases = (
				5BF604B62716E6D100D3194C /* Sources */,
				5BF604B72716E6D100D3194C /* Frameworks */,
				5BF604B82716E6D100D3194C /* Resources */,
			);
			buildRules = (
			);
			dependencies = (
				5BF604BC2716E6D100D3194C /* PBXTargetDependency */,
			);
			name = AutoLayout2UITests;
			productName = AutoLayout2UITests;
			productReference = 5BF604BA2716E6D100D3194C /* AutoLayout2UITests.xctest */;
			productType = "com.apple.product-type.bundle.ui-testing";
		};
/* End PBXNativeTarget section */

/* Begin PBXProject section */
		5BF604912716E6D000D3194C /* Project object */ = {
			isa = PBXProject;
			attributes = {
				LastSwiftUpdateCheck = 1240;
				LastUpgradeCheck = 1240;
				TargetAttributes = {
					5BF604982716E6D000D3194C = {
						CreatedOnToolsVersion = 12.4;
					};
					5BF604AE2716E6D100D3194C = {
						CreatedOnToolsVersion = 12.4;
						TestTargetID = 5BF604982716E6D000D3194C;
					};
					5BF604B92716E6D100D3194C = {
						CreatedOnToolsVersion = 12.4;
						TestTargetID = 5BF604982716E6D000D3194C;
					};
				};
			};
			buildConfigurationList = 5BF604942716E6D000D3194C /* Build configuration list for PBXProject "AutoLayout2" */;
			compatibilityVersion = "Xcode 9.3";
			developmentRegion = en;
			hasScannedForEncodings = 0;
			knownRegions = (
				en,
				Base,
			);
			mainGroup = 5BF604902716E6D000D3194C;
			productRefGroup = 5BF6049A2716E6D000D3194C /* Products */;
			projectDirPath = "";
			projectRoot = "";
			targets = (
				5BF604982716E6D000D3194C /* AutoLayout2 */,
				5BF604AE2716E6D100D3194C /* AutoLayout2Tests */,
				5BF604B92716E6D100D3194C /* AutoLayout2UITests */,
			);
		};
/* End PBXProject section */

/* Begin PBXResourcesBuildPhase section */
		5BF604972716E6D000D3194C /* Resources */ = {
			isa = PBXResourcesBuildPhase;
			buildActionMask = 2147483647;
			files = (
				5BF604A92716E6D100D3194C /* LaunchScreen.storyboard in Resources */,
				5B095D302717EAA20076564B /* Assets.xcassets in Resources */,
				5BF604A42716E6D000D3194C /* Main.storyboard in Resources */,
			);
			runOnlyForDeploymentPostprocessing = 0;
		};
		5BF604AD2716E6D100D3194C /* Resources */ = {
			isa = PBXResourcesBuildPhase;
			buildActionMask = 2147483647;
			files = (
			);
			runOnlyForDeploymentPostprocessing = 0;
		};
		5BF604B82716E6D100D3194C /* Resources */ = {
			isa = PBXResourcesBuildPhase;
			buildActionMask = 2147483647;
			files = (
			);
			runOnlyForDeploymentPostprocessing = 0;
		};
/* End PBXResourcesBuildPhase section */

/* Begin PBXSourcesBuildPhase section */
		5BF604952716E6D000D3194C /* Sources */ = {
			isa = PBXSourcesBuildPhase;
			buildActionMask = 2147483647;
			files = (
				5BF604D827170B7800D3194C /* ques3.swift in Sources */,
				5BF604A12716E6D000D3194C /* ViewController.swift in Sources */,
				5BF6049D2716E6D000D3194C /* AppDelegate.swift in Sources */,
				5BF6049F2716E6D000D3194C /* SceneDelegate.swift in Sources */,
				5BF604DD2717602100D3194C /* StackVC.swift in Sources */,
			);
			runOnlyForDeploymentPostprocessing = 0;
		};
		5BF604AB2716E6D100D3194C /* Sources */ = {
			isa = PBXSourcesBuildPhase;
			buildActionMask = 2147483647;
			files = (
				5BF604B42716E6D100D3194C /* AutoLayout2Tests.swift in Sources */,
			);
			runOnlyForDeploymentPostprocessing = 0;
		};
		5BF604B62716E6D100D3194C /* Sources */ = {
			isa = PBXSourcesBuildPhase;
			buildActionMask = 2147483647;
			files = (
				5BF604BF2716E6D100D3194C /* AutoLayout2UITests.swift in Sources */,
			);
			runOnlyForDeploymentPostprocessing = 0;
		};
/* End PBXSourcesBuildPhase section */

/* Begin PBXTargetDependency section */
		5BF604B12716E6D100D3194C /* PBXTargetDependency */ = {
			isa = PBXTargetDependency;
			target = 5BF604982716E6D000D3194C /* AutoLayout2 */;
			targetProxy = 5BF604B02716E6D100D3194C /* PBXContainerItemProxy */;
		};
		5BF604BC2716E6D100D3194C /* PBXTargetDependency */ = {
			isa = PBXTargetDependency;
			target = 5BF604982716E6D000D3194C /* AutoLayout2 */;
			targetProxy = 5BF604BB2716E6D100D3194C /* PBXContainerItemProxy */;
		};
/* End PBXTargetDependency section */

/* Begin PBXVariantGroup section */
		5BF604A22716E6D000D3194C /* Main.storyboard */ = {
			isa = PBXVariantGroup;
			children = (
				5BF604A32716E6D000D3194C /* Base */,
			);
			name = Main.storyboard;
			sourceTree = "<group>";
		};
		5BF604A72716E6D100D3194C /* LaunchScreen.storyboard */ = {
			isa = PBXVariantGroup;
			children = (
				5BF604A82716E6D100D3194C /* Base */,
			);
			name = LaunchScreen.storyboard;
			sourceTree = "<group>";
		};
/* End PBXVariantGroup section */

/* Begin XCBuildConfiguration section */
		5BF604C12716E6D100D3194C /* Debug */ = {
			isa = XCBuildConfiguration;
			buildSettings = {
				ALWAYS_SEARCH_USER_PATHS = NO;
				CLANG_ANALYZER_NONNULL = YES;
				CLANG_ANALYZER_NUMBER_OBJECT_CONVERSION = YES_AGGRESSIVE;
				CLANG_CXX_LANGUAGE_STANDARD = "gnu++14";
				CLANG_CXX_LIBRARY = "libc++";
				CLANG_ENABLE_MODULES = YES;
				CLANG_ENABLE_OBJC_ARC = YES;
				CLANG_ENABLE_OBJC_WEAK = YES;
				CLANG_WARN_BLOCK_CAPTURE_AUTORELEASING = YES;
				CLANG_WARN_BOOL_CONVERSION = YES;
				CLANG_WARN_COMMA = YES;
				CLANG_WARN_CONSTANT_CONVERSION = YES;
				CLANG_WARN_DEPRECATED_OBJC_IMPLEMENTATIONS = YES;
				CLANG_WARN_DIRECT_OBJC_ISA_USAGE = YES_ERROR;
				CLANG_WARN_DOCUMENTATION_COMMENTS = YES;
				CLANG_WARN_EMPTY_BODY = YES;
				CLANG_WARN_ENUM_CONVERSION = YES;
				CLANG_WARN_INFINITE_RECURSION = YES;
				CLANG_WARN_INT_CONVERSION = YES;
				CLANG_WARN_NON_LITERAL_NULL_CONVERSION = YES;
				CLANG_WARN_OBJC_IMPLICIT_RETAIN_SELF = YES;
				CLANG_WARN_OBJC_LITERAL_CONVERSION = YES;
				CLANG_WARN_OBJC_ROOT_CLASS = YES_ERROR;
				CLANG_WARN_QUOTED_INCLUDE_IN_FRAMEWORK_HEADER = YES;
				CLANG_WARN_RANGE_LOOP_ANALYSIS = YES;
				CLANG_WARN_STRICT_PROTOTYPES = YES;
				CLANG_WARN_SUSPICIOUS_MOVE = YES;
				CLANG_WARN_UNGUARDED_AVAILABILITY = YES_AGGRESSIVE;
				CLANG_WARN_UNREACHABLE_CODE = YES;
				CLANG_WARN__DUPLICATE_METHOD_MATCH = YES;
				COPY_PHASE_STRIP = NO;
				DEBUG_INFORMATION_FORMAT = dwarf;
				ENABLE_STRICT_OBJC_MSGSEND = YES;
				ENABLE_TESTABILITY = YES;
				GCC_C_LANGUAGE_STANDARD = gnu11;
				GCC_DYNAMIC_NO_PIC = NO;
				GCC_NO_COMMON_BLOCKS = YES;
				GCC_OPTIMIZATION_LEVEL = 0;
				GCC_PREPROCESSOR_DEFINITIONS = (
					"DEBUG=1",
					"$(inherited)",
				);
				GCC_WARN_64_TO_32_BIT_CONVERSION = YES;
				GCC_WARN_ABOUT_RETURN_TYPE = YES_ERROR;
				GCC_WARN_UNDECLARED_SELECTOR = YES;
				GCC_WARN_UNINITIALIZED_AUTOS = YES_AGGRESSIVE;
				GCC_WARN_UNUSED_FUNCTION = YES;
				GCC_WARN_UNUSED_VARIABLE = YES;
				IPHONEOS_DEPLOYMENT_TARGET = 14.4;
				MTL_ENABLE_DEBUG_INFO = INCLUDE_SOURCE;
				MTL_FAST_MATH = YES;
				ONLY_ACTIVE_ARCH = YES;
				SDKROOT = iphoneos;
				SWIFT_ACTIVE_COMPILATION_CONDITIONS = DEBUG;
				SWIFT_OPTIMIZATION_LEVEL = "-Onone";
			};
			name = Debug;
		};
		5BF604C22716E6D100D3194C /* Release */ = {
			isa = XCBuildConfiguration;
			buildSettings = {
				ALWAYS_SEARCH_USER_PATHS = NO;
				CLANG_ANALYZER_NONNULL = YES;
				CLANG_ANALYZER_NUMBER_OBJECT_CONVERSION = YES_AGGRESSIVE;
				CLANG_CXX_LANGUAGE_STANDARD = "gnu++14";
				CLANG_CXX_LIBRARY = "libc++";
				CLANG_ENABLE_MODULES = YES;
				CLANG_ENABLE_OBJC_ARC = YES;
				CLANG_ENABLE_OBJC_WEAK = YES;
				CLANG_WARN_BLOCK_CAPTURE_AUTORELEASING = YES;
				CLANG_WARN_BOOL_CONVERSION = YES;
				CLANG_WARN_COMMA = YES;
				CLANG_WARN_CONSTANT_CONVERSION = YES;
				CLANG_WARN_DEPRECATED_OBJC_IMPLEMENTATIONS = YES;
				CLANG_WARN_DIRECT_OBJC_ISA_USAGE = YES_ERROR;
				CLANG_WARN_DOCUMENTATION_COMMENTS = YES;
				CLANG_WARN_EMPTY_BODY = YES;
				CLANG_WARN_ENUM_CONVERSION = YES;
				CLANG_WARN_INFINITE_RECURSION = YES;
				CLANG_WARN_INT_CONVERSION = YES;
				CLANG_WARN_NON_LITERAL_NULL_CONVERSION = YES;
				CLANG_WARN_OBJC_IMPLICIT_RETAIN_SELF = YES;
				CLANG_WARN_OBJC_LITERAL_CONVERSION = YES;
				CLANG_WARN_OBJC_ROOT_CLASS = YES_ERROR;
				CLANG_WARN_QUOTED_INCLUDE_IN_FRAMEWORK_HEADER = YES;
				CLANG_WARN_RANGE_LOOP_ANALYSIS = YES;
				CLANG_WARN_STRICT_PROTOTYPES = YES;
				CLANG_WARN_SUSPICIOUS_MOVE = YES;
				CLANG_WARN_UNGUARDED_AVAILABILITY = YES_AGGRESSIVE;
				CLANG_WARN_UNREACHABLE_CODE = YES;
				CLANG_WARN__DUPLICATE_METHOD_MATCH = YES;
				COPY_PHASE_STRIP = NO;
				DEBUG_INFORMATION_FORMAT = "dwarf-with-dsym";
				ENABLE_NS_ASSERTIONS = NO;
				ENABLE_STRICT_OBJC_MSGSEND = YES;
				GCC_C_LANGUAGE_STANDARD = gnu11;
				GCC_NO_COMMON_BLOCKS = YES;
				GCC_WARN_64_TO_32_BIT_CONVERSION = YES;
				GCC_WARN_ABOUT_RETURN_TYPE = YES_ERROR;
				GCC_WARN_UNDECLARED_SELECTOR = YES;
				GCC_WARN_UNINITIALIZED_AUTOS = YES_AGGRESSIVE;
				GCC_WARN_UNUSED_FUNCTION = YES;
				GCC_WARN_UNUSED_VARIABLE = YES;
				IPHONEOS_DEPLOYMENT_TARGET = 14.4;
				MTL_ENABLE_DEBUG_INFO = NO;
				MTL_FAST_MATH = YES;
				SDKROOT = iphoneos;
				SWIFT_COMPILATION_MODE = wholemodule;
				SWIFT_OPTIMIZATION_LEVEL = "-O";
				VALIDATE_PRODUCT = YES;
			};
			name = Release;
		};
		5BF604C42716E6D100D3194C /* Debug */ = {
			isa = XCBuildConfiguration;
			buildSettings = {
				ASSETCATALOG_COMPILER_APPICON_NAME = AppIcon;
				ASSETCATALOG_COMPILER_GLOBAL_ACCENT_COLOR_NAME = AccentColor;
				CODE_SIGN_STYLE = Automatic;
				INFOPLIST_FILE = AutoLayout2/Info.plist;
				LD_RUNPATH_SEARCH_PATHS = (
					"$(inherited)",
					"@executable_path/Frameworks",
				);
				PRODUCT_BUNDLE_IDENTIFIER = TTN.AutoLayout2;
				PRODUCT_NAME = "$(TARGET_NAME)";
				SWIFT_VERSION = 5.0;
				TARGETED_DEVICE_FAMILY = "1,2";
			};
			name = Debug;
		};
		5BF604C52716E6D100D3194C /* Release */ = {
			isa = XCBuildConfiguration;
			buildSettings = {
				ASSETCATALOG_COMPILER_APPICON_NAME = AppIcon;
				ASSETCATALOG_COMPILER_GLOBAL_ACCENT_COLOR_NAME = AccentColor;
				CODE_SIGN_STYLE = Automatic;
				INFOPLIST_FILE = AutoLayout2/Info.plist;
				LD_RUNPATH_SEARCH_PATHS = (
					"$(inherited)",
					"@executable_path/Frameworks",
				);
				PRODUCT_BUNDLE_IDENTIFIER = TTN.AutoLayout2;
				PRODUCT_NAME = "$(TARGET_NAME)";
				SWIFT_VERSION = 5.0;
				TARGETED_DEVICE_FAMILY = "1,2";
			};
			name = Release;
		};
		5BF604C72716E6D100D3194C /* Debug */ = {
			isa = XCBuildConfiguration;
			buildSettings = {
				ALWAYS_EMBED_SWIFT_STANDARD_LIBRARIES = YES;
				BUNDLE_LOADER = "$(TEST_HOST)";
				CODE_SIGN_STYLE = Automatic;
				INFOPLIST_FILE = AutoLayout2Tests/Info.plist;
				IPHONEOS_DEPLOYMENT_TARGET = 14.4;
				LD_RUNPATH_SEARCH_PATHS = (
					"$(inherited)",
					"@executable_path/Frameworks",
					"@loader_path/Frameworks",
				);
				PRODUCT_BUNDLE_IDENTIFIER = TTN.AutoLayout2Tests;
				PRODUCT_NAME = "$(TARGET_NAME)";
				SWIFT_VERSION = 5.0;
				TARGETED_DEVICE_FAMILY = "1,2";
				TEST_HOST = "$(BUILT_PRODUCTS_DIR)/AutoLayout2.app/AutoLayout2";
			};
			name = Debug;
		};
		5BF604C82716E6D100D3194C /* Release */ = {
			isa = XCBuildConfiguration;
			buildSettings = {
				ALWAYS_EMBED_SWIFT_STANDARD_LIBRARIES = YES;
				BUNDLE_LOADER = "$(TEST_HOST)";
				CODE_SIGN_STYLE = Automatic;
				INFOPLIST_FILE = AutoLayout2Tests/Info.plist;
				IPHONEOS_DEPLOYMENT_TARGET = 14.4;
				LD_RUNPATH_SEARCH_PATHS = (
					"$(inherited)",
					"@executable_path/Frameworks",
					"@loader_path/Frameworks",
				);
				PRODUCT_BUNDLE_IDENTIFIER = TTN.AutoLayout2Tests;
				PRODUCT_NAME = "$(TARGET_NAME)";
				SWIFT_VERSION = 5.0;
				TARGETED_DEVICE_FAMILY = "1,2";
				TEST_HOST = "$(BUILT_PRODUCTS_DIR)/AutoLayout2.app/AutoLayout2";
			};
			name = Release;
		};
		5BF604CA2716E6D100D3194C /* Debug */ = {
			isa = XCBuildConfiguration;
			buildSettings = {
				ALWAYS_EMBED_SWIFT_STANDARD_LIBRARIES = YES;
				CODE_SIGN_STYLE = Automatic;
				INFOPLIST_FILE = AutoLayout2UITests/Info.plist;
				LD_RUNPATH_SEARCH_PATHS = (
					"$(inherited)",
					"@executable_path/Frameworks",
					"@loader_path/Frameworks",
				);
				PRODUCT_BUNDLE_IDENTIFIER = TTN.AutoLayout2UITests;
				PRODUCT_NAME = "$(TARGET_NAME)";
				SWIFT_VERSION = 5.0;
				TARGETED_DEVICE_FAMILY = "1,2";
				TEST_TARGET_NAME = AutoLayout2;
			};
			name = Debug;
		};
		5BF604CB2716E6D100D3194C /* Release */ = {
			isa = XCBuildConfiguration;
			buildSettings = {
				ALWAYS_EMBED_SWIFT_STANDARD_LIBRARIES = YES;
				CODE_SIGN_STYLE = Automatic;
				INFOPLIST_FILE = AutoLayout2UITests/Info.plist;
				LD_RUNPATH_SEARCH_PATHS = (
					"$(inherited)",
					"@executable_path/Frameworks",
					"@loader_path/Frameworks",
				);
				PRODUCT_BUNDLE_IDENTIFIER = TTN.AutoLayout2UITests;
				PRODUCT_NAME = "$(TARGET_NAME)";
				SWIFT_VERSION = 5.0;
				TARGETED_DEVICE_FAMILY = "1,2";
				TEST_TARGET_NAME = AutoLayout2;
			};
			name = Release;
		};
/* End XCBuildConfiguration section */

/* Begin XCConfigurationList section */
		5BF604942716E6D000D3194C /* Build configuration list for PBXProject "AutoLayout2" */ = {
			isa = XCConfigurationList;
			buildConfigurations = (
				5BF604C12716E6D100D3194C /* Debug */,
				5BF604C22716E6D100D3194C /* Release */,
			);
			defaultConfigurationIsVisible = 0;
			defaultConfigurationName = Release;
		};
		5BF604C32716E6D100D3194C /* Build configuration list for PBXNativeTarget "AutoLayout2" */ = {
			isa = XCConfigurationList;
			buildConfigurations = (
				5BF604C42716E6D100D3194C /* Debug */,
				5BF604C52716E6D100D3194C /* Release */,
			);
			defaultConfigurationIsVisible = 0;
			defaultConfigurationName = Release;
		};
		5BF604C62716E6D100D3194C /* Build configuration list for PBXNativeTarget "AutoLayout2Tests" */ = {
			isa = XCConfigurationList;
			buildConfigurations = (
				5BF604C72716E6D100D3194C /* Debug */,
				5BF604C82716E6D100D3194C /* Release */,
			);
			defaultConfigurationIsVisible = 0;
			defaultConfigurationName = Release;
		};
		5BF604C92716E6D100D3194C /* Build configuration list for PBXNativeTarget "AutoLayout2UITests" */ = {
			isa = XCConfigurationList;
			buildConfigurations = (
				5BF604CA2716E6D100D3194C /* Debug */,
				5BF604CB2716E6D100D3194C /* Release */,
			);
			defaultConfigurationIsVisible = 0;
			defaultConfigurationName = Release;
		};
/* End XCConfigurationList section */
	};
	rootObject = 5BF604912716E6D000D3194C /* Project object */;
}
