// !$*UTF8*$!
{
	archiveVersion = 1;
	classes = {
	};
	objectVersion = 50;
	objects = {

/* Begin PBXBuildFile section */
		F49DC8FE270EF961003159DB /* AppDelegate.swift in Sources */ = {isa = PBXBuildFile; fileRef = F49DC8FD270EF961003159DB /* AppDelegate.swift */; };
		F49DC900270EF961003159DB /* SceneDelegate.swift in Sources */ = {isa = PBXBuildFile; fileRef = F49DC8FF270EF961003159DB /* SceneDelegate.swift */; };
		F49DC902270EF961003159DB /* vc1.swift in Sources */ = {isa = PBXBuildFile; fileRef = F49DC901270EF961003159DB /* vc1.swift */; };
		F49DC905270EF961003159DB /* Main.storyboard in Resources */ = {isa = PBXBuildFile; fileRef = F49DC903270EF961003159DB /* Main.storyboard */; };
		F49DC907270EF963003159DB /* Assets.xcassets in Resources */ = {isa = PBXBuildFile; fileRef = F49DC906270EF963003159DB /* Assets.xcassets */; };
		F49DC90A270EF963003159DB /* LaunchScreen.storyboard in Resources */ = {isa = PBXBuildFile; fileRef = F49DC908270EF963003159DB /* LaunchScreen.storyboard */; };
		F49DC912270EFD1B003159DB /* vc2.swift in Sources */ = {isa = PBXBuildFile; fileRef = F49DC911270EFD1B003159DB /* vc2.swift */; };
		F49DC914270EFD66003159DB /* vc3.swift in Sources */ = {isa = PBXBuildFile; fileRef = F49DC913270EFD66003159DB /* vc3.swift */; };
		F49DC916270EFD73003159DB /* vc4.swift in Sources */ = {isa = PBXBuildFile; fileRef = F49DC915270EFD73003159DB /* vc4.swift */; };
		F49DC918270EFD7E003159DB /* vc5.swift in Sources */ = {isa = PBXBuildFile; fileRef = F49DC917270EFD7E003159DB /* vc5.swift */; };
/* End PBXBuildFile section */

/* Begin PBXFileReference section */
		F49DC8FA270EF961003159DB /* NavigationControllerViewControllers.app */ = {isa = PBXFileReference; explicitFileType = wrapper.application; includeInIndex = 0; path = NavigationControllerViewControllers.app; sourceTree = BUILT_PRODUCTS_DIR; };
		F49DC8FD270EF961003159DB /* AppDelegate.swift */ = {isa = PBXFileReference; lastKnownFileType = sourcecode.swift; path = AppDelegate.swift; sourceTree = "<group>"; };
		F49DC8FF270EF961003159DB /* SceneDelegate.swift */ = {isa = PBXFileReference; lastKnownFileType = sourcecode.swift; path = SceneDelegate.swift; sourceTree = "<group>"; };
		F49DC901270EF961003159DB /* vc1.swift */ = {isa = PBXFileReference; lastKnownFileType = sourcecode.swift; path = vc1.swift; sourceTree = "<group>"; };
		F49DC904270EF961003159DB /* Base */ = {isa = PBXFileReference; lastKnownFileType = file.storyboard; name = Base; path = Base.lproj/Main.storyboard; sourceTree = "<group>"; };
		F49DC906270EF963003159DB /* Assets.xcassets */ = {isa = PBXFileReference; lastKnownFileType = folder.assetcatalog; path = Assets.xcassets; sourceTree = "<group>"; };
		F49DC909270EF963003159DB /* Base */ = {isa = PBXFileReference; lastKnownFileType = file.storyboard; name = Base; path = Base.lproj/LaunchScreen.storyboard; sourceTree = "<group>"; };
		F49DC90B270EF963003159DB /* Info.plist */ = {isa = PBXFileReference; lastKnownFileType = text.plist.xml; path = Info.plist; sourceTree = "<group>"; };
		F49DC911270EFD1B003159DB /* vc2.swift */ = {isa = PBXFileReference; lastKnownFileType = sourcecode.swift; path = vc2.swift; sourceTree = "<group>"; };
		F49DC913270EFD66003159DB /* vc3.swift */ = {isa = PBXFileReference; lastKnownFileType = sourcecode.swift; path = vc3.swift; sourceTree = "<group>"; };
		F49DC915270EFD73003159DB /* vc4.swift */ = {isa = PBXFileReference; lastKnownFileType = sourcecode.swift; path = vc4.swift; sourceTree = "<group>"; };
		F49DC917270EFD7E003159DB /* vc5.swift */ = {isa = PBXFileReference; lastKnownFileType = sourcecode.swift; path = vc5.swift; sourceTree = "<group>"; };
/* End PBXFileReference section */

/* Begin PBXFrameworksBuildPhase section */
		F49DC8F7270EF961003159DB /* Frameworks */ = {
			isa = PBXFrameworksBuildPhase;
			buildActionMask = 2147483647;
			files = (
			);
			runOnlyForDeploymentPostprocessing = 0;
		};
/* End PBXFrameworksBuildPhase section */

/* Begin PBXGroup section */
		F49DC8F1270EF961003159DB = {
			isa = PBXGroup;
			children = (
				F49DC8FC270EF961003159DB /* NavigationControllerViewControllers */,
				F49DC8FB270EF961003159DB /* Products */,
			);
			sourceTree = "<group>";
		};
		F49DC8FB270EF961003159DB /* Products */ = {
			isa = PBXGroup;
			children = (
				F49DC8FA270EF961003159DB /* NavigationControllerViewControllers.app */,
			);
			name = Products;
			sourceTree = "<group>";
		};
		F49DC8FC270EF961003159DB /* NavigationControllerViewControllers */ = {
			isa = PBXGroup;
			children = (
				F49DC8FD270EF961003159DB /* AppDelegate.swift */,
				F49DC8FF270EF961003159DB /* SceneDelegate.swift */,
				F49DC901270EF961003159DB /* vc1.swift */,
				F49DC911270EFD1B003159DB /* vc2.swift */,
				F49DC913270EFD66003159DB /* vc3.swift */,
				F49DC915270EFD73003159DB /* vc4.swift */,
				F49DC917270EFD7E003159DB /* vc5.swift */,
				F49DC903270EF961003159DB /* Main.storyboard */,
				F49DC906270EF963003159DB /* Assets.xcassets */,
				F49DC908270EF963003159DB /* LaunchScreen.storyboard */,
				F49DC90B270EF963003159DB /* Info.plist */,
			);
			path = NavigationControllerViewControllers;
			sourceTree = "<group>";
		};
/* End PBXGroup section */

/* Begin PBXNativeTarget section */
		F49DC8F9270EF961003159DB /* NavigationControllerViewControllers */ = {
			isa = PBXNativeTarget;
			buildConfigurationList = F49DC90E270EF963003159DB /* Build configuration list for PBXNativeTarget "NavigationControllerViewControllers" */;
			buildPhases = (
				F49DC8F6270EF961003159DB /* Sources */,
				F49DC8F7270EF961003159DB /* Frameworks */,
				F49DC8F8270EF961003159DB /* Resources */,
			);
			buildRules = (
			);
			dependencies = (
			);
			name = NavigationControllerViewControllers;
			productName = learn;
			productReference = F49DC8FA270EF961003159DB /* NavigationControllerViewControllers.app */;
			productType = "com.apple.product-type.application";
		};
/* End PBXNativeTarget section */

/* Begin PBXProject section */
		F49DC8F2270EF961003159DB /* Project object */ = {
			isa = PBXProject;
			attributes = {
				LastSwiftUpdateCheck = 1150;
				LastUpgradeCheck = 1150;
				ORGANIZATIONNAME = "Gaurav Bisht";
				TargetAttributes = {
					F49DC8F9270EF961003159DB = {
						CreatedOnToolsVersion = 11.5;
					};
				};
			};
			buildConfigurationList = F49DC8F5270EF961003159DB /* Build configuration list for PBXProject "NavigationControllerViewControllers" */;
			compatibilityVersion = "Xcode 9.3";
			developmentRegion = en;
			hasScannedForEncodings = 0;
			knownRegions = (
				en,
				Base,
			);
			mainGroup = F49DC8F1270EF961003159DB;
			productRefGroup = F49DC8FB270EF961003159DB /* Products */;
			projectDirPath = "";
			projectRoot = "";
			targets = (
				F49DC8F9270EF961003159DB /* NavigationControllerViewControllers */,
			);
		};
/* End PBXProject section */

/* Begin PBXResourcesBuildPhase section */
		F49DC8F8270EF961003159DB /* Resources */ = {
			isa = PBXResourcesBuildPhase;
			buildActionMask = 2147483647;
			files = (
				F49DC90A270EF963003159DB /* LaunchScreen.storyboard in Resources */,
				F49DC907270EF963003159DB /* Assets.xcassets in Resources */,
				F49DC905270EF961003159DB /* Main.storyboard in Resources */,
			);
			runOnlyForDeploymentPostprocessing = 0;
		};
/* End PBXResourcesBuildPhase section */

/* Begin PBXSourcesBuildPhase section */
		F49DC8F6270EF961003159DB /* Sources */ = {
			isa = PBXSourcesBuildPhase;
			buildActionMask = 2147483647;
			files = (
				F49DC902270EF961003159DB /* vc1.swift in Sources */,
				F49DC916270EFD73003159DB /* vc4.swift in Sources */,
				F49DC8FE270EF961003159DB /* AppDelegate.swift in Sources */,
				F49DC900270EF961003159DB /* SceneDelegate.swift in Sources */,
				F49DC918270EFD7E003159DB /* vc5.swift in Sources */,
				F49DC912270EFD1B003159DB /* vc2.swift in Sources */,
				F49DC914270EFD66003159DB /* vc3.swift in Sources */,
			);
			runOnlyForDeploymentPostprocessing = 0;
		};
/* End PBXSourcesBuildPhase section */

/* Begin PBXVariantGroup section */
		F49DC903270EF961003159DB /* Main.storyboard */ = {
			isa = PBXVariantGroup;
			children = (
				F49DC904270EF961003159DB /* Base */,
			);
			name = Main.storyboard;
			sourceTree = "<group>";
		};
		F49DC908270EF963003159DB /* LaunchScreen.storyboard */ = {
			isa = PBXVariantGroup;
			children = (
				F49DC909270EF963003159DB /* Base */,
			);
			name = LaunchScreen.storyboard;
			sourceTree = "<group>";
		};
/* End PBXVariantGroup section */

/* Begin XCBuildConfiguration section */
		F49DC90C270EF963003159DB /* Debug */ = {
			isa = XCBuildConfiguration;
			buildSettings = {
				ALWAYS_SEARCH_USER_PATHS = NO;
				CLANG_ANALYZER_NONNULL = YES;
				CLANG_ANALYZER_NUMBER_OBJECT_CONVERSION = YES_AGGRESSIVE;
				CLANG_CXX_LANGUAGE_STANDARD = "gnu++14";
				CLANG_CXX_LIBRARY = "libc++";
				CLANG_ENABLE_MODULES = YES;
				CLANG_ENABLE_OBJC_ARC = YES;
				CLANG_ENABLE_OBJC_WEAK = YES;
				CLANG_WARN_BLOCK_CAPTURE_AUTORELEASING = YES;
				CLANG_WARN_BOOL_CONVERSION = YES;
				CLANG_WARN_COMMA = YES;
				CLANG_WARN_CONSTANT_CONVERSION = YES;
				CLANG_WARN_DEPRECATED_OBJC_IMPLEMENTATIONS = YES;
				CLANG_WARN_DIRECT_OBJC_ISA_USAGE = YES_ERROR;
				CLANG_WARN_DOCUMENTATION_COMMENTS = YES;
				CLANG_WARN_EMPTY_BODY = YES;
				CLANG_WARN_ENUM_CONVERSION = YES;
				CLANG_WARN_INFINITE_RECURSION = YES;
				CLANG_WARN_INT_CONVERSION = YES;
				CLANG_WARN_NON_LITERAL_NULL_CONVERSION = YES;
				CLANG_WARN_OBJC_IMPLICIT_RETAIN_SELF = YES;
				CLANG_WARN_OBJC_LITERAL_CONVERSION = YES;
				CLANG_WARN_OBJC_ROOT_CLASS = YES_ERROR;
				CLANG_WARN_RANGE_LOOP_ANALYSIS = YES;
				CLANG_WARN_STRICT_PROTOTYPES = YES;
				CLANG_WARN_SUSPICIOUS_MOVE = YES;
				CLANG_WARN_UNGUARDED_AVAILABILITY = YES_AGGRESSIVE;
				CLANG_WARN_UNREACHABLE_CODE = YES;
				CLANG_WARN__DUPLICATE_METHOD_MATCH = YES;
				COPY_PHASE_STRIP = NO;
				DEBUG_INFORMATION_FORMAT = dwarf;
				ENABLE_STRICT_OBJC_MSGSEND = YES;
				ENABLE_TESTABILITY = YES;
				GCC_C_LANGUAGE_STANDARD = gnu11;
				GCC_DYNAMIC_NO_PIC = NO;
				GCC_NO_COMMON_BLOCKS = YES;
				GCC_OPTIMIZATION_LEVEL = 0;
				GCC_PREPROCESSOR_DEFINITIONS = (
					"DEBUG=1",
					"$(inherited)",
				);
				GCC_WARN_64_TO_32_BIT_CONVERSION = YES;
				GCC_WARN_ABOUT_RETURN_TYPE = YES_ERROR;
				GCC_WARN_UNDECLARED_SELECTOR = YES;
				GCC_WARN_UNINITIALIZED_AUTOS = YES_AGGRESSIVE;
				GCC_WARN_UNUSED_FUNCTION = YES;
				GCC_WARN_UNUSED_VARIABLE = YES;
				IPHONEOS_DEPLOYMENT_TARGET = 13.5;
				MTL_ENABLE_DEBUG_INFO = INCLUDE_SOURCE;
				MTL_FAST_MATH = YES;
				ONLY_ACTIVE_ARCH = YES;
				SDKROOT = iphoneos;
				SWIFT_ACTIVE_COMPILATION_CONDITIONS = DEBUG;
				SWIFT_OPTIMIZATION_LEVEL = "-Onone";
			};
			name = Debug;
		};
		F49DC90D270EF963003159DB /* Release */ = {
			isa = XCBuildConfiguration;
			buildSettings = {
				ALWAYS_SEARCH_USER_PATHS = NO;
				CLANG_ANALYZER_NONNULL = YES;
				CLANG_ANALYZER_NUMBER_OBJECT_CONVERSION = YES_AGGRESSIVE;
				CLANG_CXX_LANGUAGE_STANDARD = "gnu++14";
				CLANG_CXX_LIBRARY = "libc++";
				CLANG_ENABLE_MODULES = YES;
				CLANG_ENABLE_OBJC_ARC = YES;
				CLANG_ENABLE_OBJC_WEAK = YES;
				CLANG_WARN_BLOCK_CAPTURE_AUTORELEASING = YES;
				CLANG_WARN_BOOL_CONVERSION = YES;
				CLANG_WARN_COMMA = YES;
				CLANG_WARN_CONSTANT_CONVERSION = YES;
				CLANG_WARN_DEPRECATED_OBJC_IMPLEMENTATIONS = YES;
				CLANG_WARN_DIRECT_OBJC_ISA_USAGE = YES_ERROR;
				CLANG_WARN_DOCUMENTATION_COMMENTS = YES;
				CLANG_WARN_EMPTY_BODY = YES;
				CLANG_WARN_ENUM_CONVERSION = YES;
				CLANG_WARN_INFINITE_RECURSION = YES;
				CLANG_WARN_INT_CONVERSION = YES;
				CLANG_WARN_NON_LITERAL_NULL_CONVERSION = YES;
				CLANG_WARN_OBJC_IMPLICIT_RETAIN_SELF = YES;
				CLANG_WARN_OBJC_LITERAL_CONVERSION = YES;
				CLANG_WARN_OBJC_ROOT_CLASS = YES_ERROR;
				CLANG_WARN_RANGE_LOOP_ANALYSIS = YES;
				CLANG_WARN_STRICT_PROTOTYPES = YES;
				CLANG_WARN_SUSPICIOUS_MOVE = YES;
				CLANG_WARN_UNGUARDED_AVAILABILITY = YES_AGGRESSIVE;
				CLANG_WARN_UNREACHABLE_CODE = YES;
				CLANG_WARN__DUPLICATE_METHOD_MATCH = YES;
				COPY_PHASE_STRIP = NO;
				DEBUG_INFORMATION_FORMAT = "dwarf-with-dsym";
				ENABLE_NS_ASSERTIONS = NO;
				ENABLE_STRICT_OBJC_MSGSEND = YES;
				GCC_C_LANGUAGE_STANDARD = gnu11;
				GCC_NO_COMMON_BLOCKS = YES;
				GCC_WARN_64_TO_32_BIT_CONVERSION = YES;
				GCC_WARN_ABOUT_RETURN_TYPE = YES_ERROR;
				GCC_WARN_UNDECLARED_SELECTOR = YES;
				GCC_WARN_UNINITIALIZED_AUTOS = YES_AGGRESSIVE;
				GCC_WARN_UNUSED_FUNCTION = YES;
				GCC_WARN_UNUSED_VARIABLE = YES;
				IPHONEOS_DEPLOYMENT_TARGET = 13.5;
				MTL_ENABLE_DEBUG_INFO = NO;
				MTL_FAST_MATH = YES;
				SDKROOT = iphoneos;
				SWIFT_COMPILATION_MODE = wholemodule;
				SWIFT_OPTIMIZATION_LEVEL = "-O";
				VALIDATE_PRODUCT = YES;
			};
			name = Release;
		};
		F49DC90F270EF963003159DB /* Debug */ = {
			isa = XCBuildConfiguration;
			buildSettings = {
				ASSETCATALOG_COMPILER_APPICON_NAME = AppIcon;
				CODE_SIGN_STYLE = Automatic;
				INFOPLIST_FILE = "$(SRCROOT)/NavigationControllerViewControllers/Info.plist";
				LD_RUNPATH_SEARCH_PATHS = (
					"$(inherited)",
					"@executable_path/Frameworks",
				);
				PRODUCT_BUNDLE_IDENTIFIER = com.ttn.learn;
				PRODUCT_NAME = NavigationControllerViewControllers;
				SWIFT_VERSION = 5.0;
				TARGETED_DEVICE_FAMILY = "1,2";
			};
			name = Debug;
		};
		F49DC910270EF963003159DB /* Release */ = {
			isa = XCBuildConfiguration;
			buildSettings = {
				ASSETCATALOG_COMPILER_APPICON_NAME = AppIcon;
				CODE_SIGN_STYLE = Automatic;
				INFOPLIST_FILE = "$(SRCROOT)/NavigationControllerViewControllers/Info.plist";
				LD_RUNPATH_SEARCH_PATHS = (
					"$(inherited)",
					"@executable_path/Frameworks",
				);
				PRODUCT_BUNDLE_IDENTIFIER = com.ttn.learn;
				PRODUCT_NAME = NavigationControllerViewControllers;
				SWIFT_VERSION = 5.0;
				TARGETED_DEVICE_FAMILY = "1,2";
			};
			name = Release;
		};
/* End XCBuildConfiguration section */

/* Begin XCConfigurationList section */
		F49DC8F5270EF961003159DB /* Build configuration list for PBXProject "NavigationControllerViewControllers" */ = {
			isa = XCConfigurationList;
			buildConfigurations = (
				F49DC90C270EF963003159DB /* Debug */,
				F49DC90D270EF963003159DB /* Release */,
			);
			defaultConfigurationIsVisible = 0;
			defaultConfigurationName = Release;
		};
		F49DC90E270EF963003159DB /* Build configuration list for PBXNativeTarget "NavigationControllerViewControllers" */ = {
			isa = XCConfigurationList;
			buildConfigurations = (
				F49DC90F270EF963003159DB /* Debug */,
				F49DC910270EF963003159DB /* Release */,
			);
			defaultConfigurationIsVisible = 0;
			defaultConfigurationName = Release;
		};
/* End XCConfigurationList section */
	};
	rootObject = F49DC8F2270EF961003159DB /* Project object */;
}
